{
  "nodes": {
    "cef": {
      "flake": false,
      "locked": {
        "lastModified": 1702971688,
        "narHash": "sha256-v1hHZxBHV7MlvqbDXgfkDxBvzJ6olKuHZ40AY/IQWSA=",
        "type": "tarball",
        "url": "https://cef-builds.spotifycdn.com/cef_binary_120.1.9%2Bg3914241%2Bchromium-120.0.6099.109_linux64.tar.bz2"
      },
      "original": {
        "type": "tarball",
        "url": "https://cef-builds.spotifycdn.com/cef_binary_120.1.9%2Bg3914241%2Bchromium-120.0.6099.109_linux64.tar.bz2"
      }
    },
    "flake-utils": {
      "inputs": {
        "systems": "systems"
      },
      "locked": {
        "lastModified": 1701680307,
        "narHash": "sha256-kAuep2h5ajznlPMD9rnQyffWG8EM/C73lejGofXvdM8=",
        "owner": "numtide",
        "repo": "flake-utils",
        "rev": "4022d587cbbfd70fe950c1e2083a02621806a725",
        "type": "github"
      },
      "original": {
        "owner": "numtide",
        "repo": "flake-utils",
        "type": "github"
      }
    },
    "flake-utils_2": {
      "locked": {
        "lastModified": 1659877975,
        "narHash": "sha256-zllb8aq3YO3h8B/U0/J1WBgAL8EX5yWf5pMj3G0NAmc=",
        "owner": "numtide",
        "repo": "flake-utils",
        "rev": "c0e246b9b83f637f4681389ecabcb2681b4f3af0",
        "type": "github"
      },
      "original": {
        "owner": "numtide",
        "repo": "flake-utils",
        "type": "github"
      }
    },
    "mathfu": {
      "flake": false,
      "locked": {
        "lastModified": 1652125900,
        "narHash": "sha256-W2J6J8XJW7yo0rbGTJ4xldobOGiUQ4R1plXDGaw+HTk=",
        "ref": "refs/heads/master",
        "rev": "da23a1227bb65fbb7f2f5b6c504fbbdd1dfdab4b",
        "revCount": 318,
        "submodules": true,
        "type": "git",
        "url": "https://github.com/google/mathfu.git"
      },
      "original": {
        "submodules": true,
        "type": "git",
        "url": "https://github.com/google/mathfu.git"
      }
    },
    "nixgl": {
      "inputs": {
        "flake-utils": "flake-utils_2",
        "nixpkgs": [
          "nixpkgs"
        ]
      },
      "locked": {
        "lastModified": 1685908677,
        "narHash": "sha256-E4zUPEUFyVWjVm45zICaHRpfGepfkE9Z2OECV9HXfA4=",
        "owner": "guibou",
        "repo": "nixGL",
        "rev": "489d6b095ab9d289fe11af0219a9ff00fe87c7c5",
        "type": "github"
      },
      "original": {
        "owner": "guibou",
        "repo": "nixGL",
        "type": "github"
      }
    },
    "nixpkgs": {
      "locked": {
        "lastModified": 1702780907,
        "narHash": "sha256-blbrBBXjjZt6OKTcYX1jpe9SRof2P9ZYWPzq22tzXAA=",
        "owner": "nixos",
        "repo": "nixpkgs",
        "rev": "1e2e384c5b7c50dbf8e9c441a9e58d85f408b01f",
        "type": "github"
      },
      "original": {
        "owner": "nixos",
        "ref": "nixos-23.11",
        "repo": "nixpkgs",
        "type": "github"
      }
    },
    "openvr": {
      "flake": false,
      "locked": {
        "lastModified": 1699392865,
        "narHash": "sha256-UvhMhDqCJS5AhoZYf3mW558JebtBzNKpp6dbBntPUo0=",
        "owner": "ValveSoftware",
        "repo": "openvr",
        "rev": "15f0838a0487feb7da60acd39aab8099b994234c",
        "type": "github"
      },
      "original": {
        "owner": "ValveSoftware",
        "repo": "openvr",
        "type": "github"
      }
    },
    "root": {
      "inputs": {
        "cef": "cef",
        "flake-utils": "flake-utils",
        "mathfu": "mathfu",
        "nixgl": "nixgl",
        "nixpkgs": "nixpkgs",
        "openvr": "openvr"
      }
    },
    "systems": {
      "locked": {
        "lastModified": 1681028828,
        "narHash": "sha256-Vy1rq5AaRuLzOxct8nz4T6wlgyUR7zLU309k9mBC768=",
        "owner": "nix-systems",
        "repo": "default",
        "rev": "da67096a3b9bf56a91d16901293e51ba5b49a27e",
        "type": "github"
      },
      "original": {
        "owner": "nix-systems",
        "repo": "default",
        "type": "github"
      }
    }
  },
  "root": "root",
  "version": 7
}
